// !$*UTF8*$!
{
	archiveVersion = 1;
	classes = {
	};
	objectVersion = 46;
	objects = {

/* Begin PBXBuildFile section */
		84E5F5111D5C7B210035BE22 /* main.m in Sources */ = {isa = PBXBuildFile; fileRef = 84E5F5101D5C7B210035BE22 /* main.m */; };
		84E5F5141D5C7B210035BE22 /* AppDelegate.m in Sources */ = {isa = PBXBuildFile; fileRef = 84E5F5131D5C7B210035BE22 /* AppDelegate.m */; };
		84E5F5171D5C7B210035BE22 /* ViewController.m in Sources */ = {isa = PBXBuildFile; fileRef = 84E5F5161D5C7B210035BE22 /* ViewController.m */; };
		84E5F51A1D5C7B210035BE22 /* Main.storyboard in Resources */ = {isa = PBXBuildFile; fileRef = 84E5F5181D5C7B210035BE22 /* Main.storyboard */; };
		84E5F51C1D5C7B210035BE22 /* Assets.xcassets in Resources */ = {isa = PBXBuildFile; fileRef = 84E5F51B1D5C7B210035BE22 /* Assets.xcassets */; };
		84E5F51F1D5C7B210035BE22 /* LaunchScreen.storyboard in Resources */ = {isa = PBXBuildFile; fileRef = 84E5F51D1D5C7B210035BE22 /* LaunchScreen.storyboard */; };
		84E5F52A1D5C7B210035BE22 /* SinaWeibo_ReloadNumOfCount_DemoTests.m in Sources */ = {isa = PBXBuildFile; fileRef = 84E5F5291D5C7B210035BE22 /* SinaWeibo_ReloadNumOfCount_DemoTests.m */; };
		84E5F5351D5C7B210035BE22 /* SinaWeibo_ReloadNumOfCount_DemoUITests.m in Sources */ = {isa = PBXBuildFile; fileRef = 84E5F5341D5C7B210035BE22 /* SinaWeibo_ReloadNumOfCount_DemoUITests.m */; };
/* End PBXBuildFile section */

/* Begin PBXContainerItemProxy section */
		84E5F5261D5C7B210035BE22 /* PBXContainerItemProxy */ = {
			isa = PBXContainerItemProxy;
			containerPortal = 84E5F5041D5C7B210035BE22 /* Project object */;
			proxyType = 1;
			remoteGlobalIDString = 84E5F50B1D5C7B210035BE22;
			remoteInfo = SinaWeibo_ReloadNumOfCount_Demo;
		};
		84E5F5311D5C7B210035BE22 /* PBXContainerItemProxy */ = {
			isa = PBXContainerItemProxy;
			containerPortal = 84E5F5041D5C7B210035BE22 /* Project object */;
			proxyType = 1;
			remoteGlobalIDString = 84E5F50B1D5C7B210035BE22;
			remoteInfo = SinaWeibo_ReloadNumOfCount_Demo;
		};
/* End PBXContainerItemProxy section */

/* Begin PBXFileReference section */
		84E5F50C1D5C7B210035BE22 /* SinaWeibo_ReloadNumOfCount_Demo.app */ = {isa = PBXFileReference; explicitFileType = wrapper.application; includeInIndex = 0; path = SinaWeibo_ReloadNumOfCount_Demo.app; sourceTree = BUILT_PRODUCTS_DIR; };
		84E5F5101D5C7B210035BE22 /* main.m */ = {isa = PBXFileReference; lastKnownFileType = sourcecode.c.objc; path = main.m; sourceTree = "<group>"; };
		84E5F5121D5C7B210035BE22 /* AppDelegate.h */ = {isa = PBXFileReference; lastKnownFileType = sourcecode.c.h; path = AppDelegate.h; sourceTree = "<group>"; };
		84E5F5131D5C7B210035BE22 /* AppDelegate.m */ = {isa = PBXFileReference; lastKnownFileType = sourcecode.c.objc; path = AppDelegate.m; sourceTree = "<group>"; };
		84E5F5151D5C7B210035BE22 /* ViewController.h */ = {isa = PBXFileReference; lastKnownFileType = sourcecode.c.h; path = ViewController.h; sourceTree = "<group>"; };
		84E5F5161D5C7B210035BE22 /* ViewController.m */ = {isa = PBXFileReference; lastKnownFileType = sourcecode.c.objc; path = ViewController.m; sourceTree = "<group>"; };
		84E5F5191D5C7B210035BE22 /* Base */ = {isa = PBXFileReference; lastKnownFileType = file.storyboard; name = Base; path = Base.lproj/Main.storyboard; sourceTree = "<group>"; };
		84E5F51B1D5C7B210035BE22 /* Assets.xcassets */ = {isa = PBXFileReference; lastKnownFileType = folder.assetcatalog; path = Assets.xcassets; sourceTree = "<group>"; };
		84E5F51E1D5C7B210035BE22 /* Base */ = {isa = PBXFileReference; lastKnownFileType = file.storyboard; name = Base; path = Base.lproj/LaunchScreen.storyboard; sourceTree = "<group>"; };
		84E5F5201D5C7B210035BE22 /* Info.plist */ = {isa = PBXFileReference; lastKnownFileType = text.plist.xml; path = Info.plist; sourceTree = "<group>"; };
		84E5F5251D5C7B210035BE22 /* SinaWeibo_ReloadNumOfCount_DemoTests.xctest */ = {isa = PBXFileReference; explicitFileType = wrapper.cfbundle; includeInIndex = 0; path = SinaWeibo_ReloadNumOfCount_DemoTests.xctest; sourceTree = BUILT_PRODUCTS_DIR; };
		84E5F5291D5C7B210035BE22 /* SinaWeibo_ReloadNumOfCount_DemoTests.m */ = {isa = PBXFileReference; lastKnownFileType = sourcecode.c.objc; path = SinaWeibo_ReloadNumOfCount_DemoTests.m; sourceTree = "<group>"; };
		84E5F52B1D5C7B210035BE22 /* Info.plist */ = {isa = PBXFileReference; lastKnownFileType = text.plist.xml; path = Info.plist; sourceTree = "<group>"; };
		84E5F5301D5C7B210035BE22 /* SinaWeibo_ReloadNumOfCount_DemoUITests.xctest */ = {isa = PBXFileReference; explicitFileType = wrapper.cfbundle; includeInIndex = 0; path = SinaWeibo_ReloadNumOfCount_DemoUITests.xctest; sourceTree = BUILT_PRODUCTS_DIR; };
		84E5F5341D5C7B210035BE22 /* SinaWeibo_ReloadNumOfCount_DemoUITests.m */ = {isa = PBXFileReference; lastKnownFileType = sourcecode.c.objc; path = SinaWeibo_ReloadNumOfCount_DemoUITests.m; sourceTree = "<group>"; };
		84E5F5361D5C7B210035BE22 /* Info.plist */ = {isa = PBXFileReference; lastKnownFileType = text.plist.xml; path = Info.plist; sourceTree = "<group>"; };
/* End PBXFileReference section */

/* Begin PBXFrameworksBuildPhase section */
		84E5F5091D5C7B210035BE22 /* Frameworks */ = {
			isa = PBXFrameworksBuildPhase;
			buildActionMask = 2147483647;
			files = (
			);
			runOnlyForDeploymentPostprocessing = 0;
		};
		84E5F5221D5C7B210035BE22 /* Frameworks */ = {
			isa = PBXFrameworksBuildPhase;
			buildActionMask = 2147483647;
			files = (
			);
			runOnlyForDeploymentPostprocessing = 0;
		};
		84E5F52D1D5C7B210035BE22 /* Frameworks */ = {
			isa = PBXFrameworksBuildPhase;
			buildActionMask = 2147483647;
			files = (
			);
			runOnlyForDeploymentPostprocessing = 0;
		};
/* End PBXFrameworksBuildPhase section */

/* Begin PBXGroup section */
		84E5F5031D5C7B210035BE22 = {
			isa = PBXGroup;
			children = (
				84E5F50E1D5C7B210035BE22 /* SinaWeibo_ReloadNumOfCount_Demo */,
				84E5F5281D5C7B210035BE22 /* SinaWeibo_ReloadNumOfCount_DemoTests */,
				84E5F5331D5C7B210035BE22 /* SinaWeibo_ReloadNumOfCount_DemoUITests */,
				84E5F50D1D5C7B210035BE22 /* Products */,
			);
			sourceTree = "<group>";
		};
		84E5F50D1D5C7B210035BE22 /* Products */ = {
			isa = PBXGroup;
			children = (
				84E5F50C1D5C7B210035BE22 /* SinaWeibo_ReloadNumOfCount_Demo.app */,
				84E5F5251D5C7B210035BE22 /* SinaWeibo_ReloadNumOfCount_DemoTests.xctest */,
				84E5F5301D5C7B210035BE22 /* SinaWeibo_ReloadNumOfCount_DemoUITests.xctest */,
			);
			name = Products;
			sourceTree = "<group>";
		};
		84E5F50E1D5C7B210035BE22 /* SinaWeibo_ReloadNumOfCount_Demo */ = {
			isa = PBXGroup;
			children = (
				84E5F5121D5C7B210035BE22 /* AppDelegate.h */,
				84E5F5131D5C7B210035BE22 /* AppDelegate.m */,
				84E5F5151D5C7B210035BE22 /* ViewController.h */,
				84E5F5161D5C7B210035BE22 /* ViewController.m */,
				84E5F5181D5C7B210035BE22 /* Main.storyboard */,
				84E5F51B1D5C7B210035BE22 /* Assets.xcassets */,
				84E5F51D1D5C7B210035BE22 /* LaunchScreen.storyboard */,
				84E5F5201D5C7B210035BE22 /* Info.plist */,
				84E5F50F1D5C7B210035BE22 /* Supporting Files */,
			);
			path = SinaWeibo_ReloadNumOfCount_Demo;
			sourceTree = "<group>";
		};
		84E5F50F1D5C7B210035BE22 /* Supporting Files */ = {
			isa = PBXGroup;
			children = (
				84E5F5101D5C7B210035BE22 /* main.m */,
			);
			name = "Supporting Files";
			sourceTree = "<group>";
		};
		84E5F5281D5C7B210035BE22 /* SinaWeibo_ReloadNumOfCount_DemoTests */ = {
			isa = PBXGroup;
			children = (
				84E5F5291D5C7B210035BE22 /* SinaWeibo_ReloadNumOfCount_DemoTests.m */,
				84E5F52B1D5C7B210035BE22 /* Info.plist */,
			);
			path = SinaWeibo_ReloadNumOfCount_DemoTests;
			sourceTree = "<group>";
		};
		84E5F5331D5C7B210035BE22 /* SinaWeibo_ReloadNumOfCount_DemoUITests */ = {
			isa = PBXGroup;
			children = (
				84E5F5341D5C7B210035BE22 /* SinaWeibo_ReloadNumOfCount_DemoUITests.m */,
				84E5F5361D5C7B210035BE22 /* Info.plist */,
			);
			path = SinaWeibo_ReloadNumOfCount_DemoUITests;
			sourceTree = "<group>";
		};
/* End PBXGroup section */

/* Begin PBXNativeTarget section */
		84E5F50B1D5C7B210035BE22 /* SinaWeibo_ReloadNumOfCount_Demo */ = {
			isa = PBXNativeTarget;
			buildConfigurationList = 84E5F5391D5C7B210035BE22 /* Build configuration list for PBXNativeTarget "SinaWeibo_ReloadNumOfCount_Demo" */;
			buildPhases = (
				84E5F5081D5C7B210035BE22 /* Sources */,
				84E5F5091D5C7B210035BE22 /* Frameworks */,
				84E5F50A1D5C7B210035BE22 /* Resources */,
			);
			buildRules = (
			);
			dependencies = (
			);
			name = SinaWeibo_ReloadNumOfCount_Demo;
			productName = SinaWeibo_ReloadNumOfCount_Demo;
			productReference = 84E5F50C1D5C7B210035BE22 /* SinaWeibo_ReloadNumOfCount_Demo.app */;
			productType = "com.apple.product-type.application";
		};
		84E5F5241D5C7B210035BE22 /* SinaWeibo_ReloadNumOfCount_DemoTests */ = {
			isa = PBXNativeTarget;
			buildConfigurationList = 84E5F53C1D5C7B210035BE22 /* Build configuration list for PBXNativeTarget "SinaWeibo_ReloadNumOfCount_DemoTests" */;
			buildPhases = (
				84E5F5211D5C7B210035BE22 /* Sources */,
				84E5F5221D5C7B210035BE22 /* Frameworks */,
				84E5F5231D5C7B210035BE22 /* Resources */,
			);
			buildRules = (
			);
			dependencies = (
				84E5F5271D5C7B210035BE22 /* PBXTargetDependency */,
			);
			name = SinaWeibo_ReloadNumOfCount_DemoTests;
			productName = SinaWeibo_ReloadNumOfCount_DemoTests;
			productReference = 84E5F5251D5C7B210035BE22 /* SinaWeibo_ReloadNumOfCount_DemoTests.xctest */;
			productType = "com.apple.product-type.bundle.unit-test";
		};
		84E5F52F1D5C7B210035BE22 /* SinaWeibo_ReloadNumOfCount_DemoUITests */ = {
			isa = PBXNativeTarget;
			buildConfigurationList = 84E5F53F1D5C7B210035BE22 /* Build configuration list for PBXNativeTarget "SinaWeibo_ReloadNumOfCount_DemoUITests" */;
			buildPhases = (
				84E5F52C1D5C7B210035BE22 /* Sources */,
				84E5F52D1D5C7B210035BE22 /* Frameworks */,
				84E5F52E1D5C7B210035BE22 /* Resources */,
			);
			buildRules = (
			);
			dependencies = (
				84E5F5321D5C7B210035BE22 /* PBXTargetDependency */,
			);
			name = SinaWeibo_ReloadNumOfCount_DemoUITests;
			productName = SinaWeibo_ReloadNumOfCount_DemoUITests;
			productReference = 84E5F5301D5C7B210035BE22 /* SinaWeibo_ReloadNumOfCount_DemoUITests.xctest */;
			productType = "com.apple.product-type.bundle.ui-testing";
		};
/* End PBXNativeTarget section */

/* Begin PBXProject section */
		84E5F5041D5C7B210035BE22 /* Project object */ = {
			isa = PBXProject;
			attributes = {
				LastUpgradeCheck = 0730;
				ORGANIZATIONNAME = AlezJi;
				TargetAttributes = {
					84E5F50B1D5C7B210035BE22 = {
						CreatedOnToolsVersion = 7.3.1;
						DevelopmentTeam = 7UD65F8GWP;
					};
					84E5F5241D5C7B210035BE22 = {
						CreatedOnToolsVersion = 7.3.1;
						DevelopmentTeam = 7UD65F8GWP;
						TestTargetID = 84E5F50B1D5C7B210035BE22;
					};
					84E5F52F1D5C7B210035BE22 = {
						CreatedOnToolsVersion = 7.3.1;
						DevelopmentTeam = 7UD65F8GWP;
						TestTargetID = 84E5F50B1D5C7B210035BE22;
					};
				};
			};
			buildConfigurationList = 84E5F5071D5C7B210035BE22 /* Build configuration list for PBXProject "SinaWeibo_ReloadNumOfCount_Demo" */;
			compatibilityVersion = "Xcode 3.2";
			developmentRegion = English;
			hasScannedForEncodings = 0;
			knownRegions = (
				en,
				Base,
			);
			mainGroup = 84E5F5031D5C7B210035BE22;
			productRefGroup = 84E5F50D1D5C7B210035BE22 /* Products */;
			projectDirPath = "";
			projectRoot = "";
			targets = (
				84E5F50B1D5C7B210035BE22 /* SinaWeibo_ReloadNumOfCount_Demo */,
				84E5F5241D5C7B210035BE22 /* SinaWeibo_ReloadNumOfCount_DemoTests */,
				84E5F52F1D5C7B210035BE22 /* SinaWeibo_ReloadNumOfCount_DemoUITests */,
			);
		};
/* End PBXProject section */

/* Begin PBXResourcesBuildPhase section */
		84E5F50A1D5C7B210035BE22 /* Resources */ = {
			isa = PBXResourcesBuildPhase;
			buildActionMask = 2147483647;
			files = (
				84E5F51F1D5C7B210035BE22 /* LaunchScreen.storyboard in Resources */,
				84E5F51C1D5C7B210035BE22 /* Assets.xcassets in Resources */,
				84E5F51A1D5C7B210035BE22 /* Main.storyboard in Resources */,
			);
			runOnlyForDeploymentPostprocessing = 0;
		};
		84E5F5231D5C7B210035BE22 /* Resources */ = {
			isa = PBXResourcesBuildPhase;
			buildActionMask = 2147483647;
			files = (
			);
			runOnlyForDeploymentPostprocessing = 0;
		};
		84E5F52E1D5C7B210035BE22 /* Resources */ = {
			isa = PBXResourcesBuildPhase;
			buildActionMask = 2147483647;
			files = (
			);
			runOnlyForDeploymentPostprocessing = 0;
		};
/* End PBXResourcesBuildPhase section */

/* Begin PBXSourcesBuildPhase section */
		84E5F5081D5C7B210035BE22 /* Sources */ = {
			isa = PBXSourcesBuildPhase;
			buildActionMask = 2147483647;
			files = (
				84E5F5171D5C7B210035BE22 /* ViewController.m in Sources */,
				84E5F5141D5C7B210035BE22 /* AppDelegate.m in Sources */,
				84E5F5111D5C7B210035BE22 /* main.m in Sources */,
			);
			runOnlyForDeploymentPostprocessing = 0;
		};
		84E5F5211D5C7B210035BE22 /* Sources */ = {
			isa = PBXSourcesBuildPhase;
			buildActionMask = 2147483647;
			files = (
				84E5F52A1D5C7B210035BE22 /* SinaWeibo_ReloadNumOfCount_DemoTests.m in Sources */,
			);
			runOnlyForDeploymentPostprocessing = 0;
		};
		84E5F52C1D5C7B210035BE22 /* Sources */ = {
			isa = PBXSourcesBuildPhase;
			buildActionMask = 2147483647;
			files = (
				84E5F5351D5C7B210035BE22 /* SinaWeibo_ReloadNumOfCount_DemoUITests.m in Sources */,
			);
			runOnlyForDeploymentPostprocessing = 0;
		};
/* End PBXSourcesBuildPhase section */

/* Begin PBXTargetDependency section */
		84E5F5271D5C7B210035BE22 /* PBXTargetDependency */ = {
			isa = PBXTargetDependency;
			target = 84E5F50B1D5C7B210035BE22 /* SinaWeibo_ReloadNumOfCount_Demo */;
			targetProxy = 84E5F5261D5C7B210035BE22 /* PBXContainerItemProxy */;
		};
		84E5F5321D5C7B210035BE22 /* PBXTargetDependency */ = {
			isa = PBXTargetDependency;
			target = 84E5F50B1D5C7B210035BE22 /* SinaWeibo_ReloadNumOfCount_Demo */;
			targetProxy = 84E5F5311D5C7B210035BE22 /* PBXContainerItemProxy */;
		};
/* End PBXTargetDependency section */

/* Begin PBXVariantGroup section */
		84E5F5181D5C7B210035BE22 /* Main.storyboard */ = {
			isa = PBXVariantGroup;
			children = (
				84E5F5191D5C7B210035BE22 /* Base */,
			);
			name = Main.storyboard;
			sourceTree = "<group>";
		};
		84E5F51D1D5C7B210035BE22 /* LaunchScreen.storyboard */ = {
			isa = PBXVariantGroup;
			children = (
				84E5F51E1D5C7B210035BE22 /* Base */,
			);
			name = LaunchScreen.storyboard;
			sourceTree = "<group>";
		};
/* End PBXVariantGroup section */

/* Begin XCBuildConfiguration section */
		84E5F5371D5C7B210035BE22 /* Debug */ = {
			isa = XCBuildConfiguration;
			buildSettings = {
				ALWAYS_SEARCH_USER_PATHS = NO;
				CLANG_ANALYZER_NONNULL = YES;
				CLANG_CXX_LANGUAGE_STANDARD = "gnu++0x";
				CLANG_CXX_LIBRARY = "libc++";
				CLANG_ENABLE_MODULES = YES;
				CLANG_ENABLE_OBJC_ARC = YES;
				CLANG_WARN_BOOL_CONVERSION = YES;
				CLANG_WARN_CONSTANT_CONVERSION = YES;
				CLANG_WARN_DIRECT_OBJC_ISA_USAGE = YES_ERROR;
				CLANG_WARN_EMPTY_BODY = YES;
				CLANG_WARN_ENUM_CONVERSION = YES;
				CLANG_WARN_INT_CONVERSION = YES;
				CLANG_WARN_OBJC_ROOT_CLASS = YES_ERROR;
				CLANG_WARN_UNREACHABLE_CODE = YES;
				CLANG_WARN__DUPLICATE_METHOD_MATCH = YES;
				"CODE_SIGN_IDENTITY[sdk=iphoneos*]" = "iPhone Developer";
				COPY_PHASE_STRIP = NO;
				DEBUG_INFORMATION_FORMAT = dwarf;
				ENABLE_STRICT_OBJC_MSGSEND = YES;
				ENABLE_TESTABILITY = YES;
				GCC_C_LANGUAGE_STANDARD = gnu99;
				GCC_DYNAMIC_NO_PIC = NO;
				GCC_NO_COMMON_BLOCKS = YES;
				GCC_OPTIMIZATION_LEVEL = 0;
				GCC_PREPROCESSOR_DEFINITIONS = (
					"DEBUG=1",
					"$(inherited)",
				);
				GCC_WARN_64_TO_32_BIT_CONVERSION = YES;
				GCC_WARN_ABOUT_RETURN_TYPE = YES_ERROR;
				GCC_WARN_UNDECLARED_SELECTOR = YES;
				GCC_WARN_UNINITIALIZED_AUTOS = YES_AGGRESSIVE;
				GCC_WARN_UNUSED_FUNCTION = YES;
				GCC_WARN_UNUSED_VARIABLE = YES;
				IPHONEOS_DEPLOYMENT_TARGET = 9.3;
				MTL_ENABLE_DEBUG_INFO = YES;
				ONLY_ACTIVE_ARCH = YES;
				SDKROOT = iphoneos;
			};
			name = Debug;
		};
		84E5F5381D5C7B210035BE22 /* Release */ = {
			isa = XCBuildConfiguration;
			buildSettings = {
				ALWAYS_SEARCH_USER_PATHS = NO;
				CLANG_ANALYZER_NONNULL = YES;
				CLANG_CXX_LANGUAGE_STANDARD = "gnu++0x";
				CLANG_CXX_LIBRARY = "libc++";
				CLANG_ENABLE_MODULES = YES;
				CLANG_ENABLE_OBJC_ARC = YES;
				CLANG_WARN_BOOL_CONVERSION = YES;
				CLANG_WARN_CONSTANT_CONVERSION = YES;
				CLANG_WARN_DIRECT_OBJC_ISA_USAGE = YES_ERROR;
				CLANG_WARN_EMPTY_BODY = YES;
				CLANG_WARN_ENUM_CONVERSION = YES;
				CLANG_WARN_INT_CONVERSION = YES;
				CLANG_WARN_OBJC_ROOT_CLASS = YES_ERROR;
				CLANG_WARN_UNREACHABLE_CODE = YES;
				CLANG_WARN__DUPLICATE_METHOD_MATCH = YES;
				"CODE_SIGN_IDENTITY[sdk=iphoneos*]" = "iPhone Developer";
				COPY_PHASE_STRIP = NO;
				DEBUG_INFORMATION_FORMAT = "dwarf-with-dsym";
				ENABLE_NS_ASSERTIONS = NO;
				ENABLE_STRICT_OBJC_MSGSEND = YES;
				GCC_C_LANGUAGE_STANDARD = gnu99;
				GCC_NO_COMMON_BLOCKS = YES;
				GCC_WARN_64_TO_32_BIT_CONVERSION = YES;
				GCC_WARN_ABOUT_RETURN_TYPE = YES_ERROR;
				GCC_WARN_UNDECLARED_SELECTOR = YES;
				GCC_WARN_UNINITIALIZED_AUTOS = YES_AGGRESSIVE;
				GCC_WARN_UNUSED_FUNCTION = YES;
				GCC_WARN_UNUSED_VARIABLE = YES;
				IPHONEOS_DEPLOYMENT_TARGET = 9.3;
				MTL_ENABLE_DEBUG_INFO = NO;
				SDKROOT = iphoneos;
				VALIDATE_PRODUCT = YES;
			};
			name = Release;
		};
		84E5F53A1D5C7B210035BE22 /* Debug */ = {
			isa = XCBuildConfiguration;
			buildSettings = {
				ASSETCATALOG_COMPILER_APPICON_NAME = AppIcon;
				INFOPLIST_FILE = SinaWeibo_ReloadNumOfCount_Demo/Info.plist;
				LD_RUNPATH_SEARCH_PATHS = "$(inherited) @executable_path/Frameworks";
				PRODUCT_BUNDLE_IDENTIFIER = "AlezJI.SinaWeibo-ReloadNumOfCount-Demo";
				PRODUCT_NAME = "$(TARGET_NAME)";
			};
			name = Debug;
		};
		84E5F53B1D5C7B210035BE22 /* Release */ = {
			isa = XCBuildConfiguration;
			buildSettings = {
				ASSETCATALOG_COMPILER_APPICON_NAME = AppIcon;
				INFOPLIST_FILE = SinaWeibo_ReloadNumOfCount_Demo/Info.plist;
				LD_RUNPATH_SEARCH_PATHS = "$(inherited) @executable_path/Frameworks";
				PRODUCT_BUNDLE_IDENTIFIER = "AlezJI.SinaWeibo-ReloadNumOfCount-Demo";
				PRODUCT_NAME = "$(TARGET_NAME)";
			};
			name = Release;
		};
		84E5F53D1D5C7B210035BE22 /* Debug */ = {
			isa = XCBuildConfiguration;
			buildSettings = {
				BUNDLE_LOADER = "$(TEST_HOST)";
				INFOPLIST_FILE = SinaWeibo_ReloadNumOfCount_DemoTests/Info.plist;
				LD_RUNPATH_SEARCH_PATHS = "$(inherited) @executable_path/Frameworks @loader_path/Frameworks";
				PRODUCT_BUNDLE_IDENTIFIER = "AlezJI.SinaWeibo-ReloadNumOfCount-DemoTests";
				PRODUCT_NAME = "$(TARGET_NAME)";
				TEST_HOST = "$(BUILT_PRODUCTS_DIR)/SinaWeibo_ReloadNumOfCount_Demo.app/SinaWeibo_ReloadNumOfCount_Demo";
			};
			name = Debug;
		};
		84E5F53E1D5C7B210035BE22 /* Release */ = {
			isa = XCBuildConfiguration;
			buildSettings = {
				BUNDLE_LOADER = "$(TEST_HOST)";
				INFOPLIST_FILE = SinaWeibo_ReloadNumOfCount_DemoTests/Info.plist;
				LD_RUNPATH_SEARCH_PATHS = "$(inherited) @executable_path/Frameworks @loader_path/Frameworks";
				PRODUCT_BUNDLE_IDENTIFIER = "AlezJI.SinaWeibo-ReloadNumOfCount-DemoTests";
				PRODUCT_NAME = "$(TARGET_NAME)";
				TEST_HOST = "$(BUILT_PRODUCTS_DIR)/SinaWeibo_ReloadNumOfCount_Demo.app/SinaWeibo_ReloadNumOfCount_Demo";
			};
			name = Release;
		};
		84E5F5401D5C7B210035BE22 /* Debug */ = {
			isa = XCBuildConfiguration;
			buildSettings = {
				INFOPLIST_FILE = SinaWeibo_ReloadNumOfCount_DemoUITests/Info.plist;
				LD_RUNPATH_SEARCH_PATHS = "$(inherited) @executable_path/Frameworks @loader_path/Frameworks";
				PRODUCT_BUNDLE_IDENTIFIER = "AlezJI.SinaWeibo-ReloadNumOfCount-DemoUITests";
				PRODUCT_NAME = "$(TARGET_NAME)";
				TEST_TARGET_NAME = SinaWeibo_ReloadNumOfCount_Demo;
			};
			name = Debug;
		};
		84E5F5411D5C7B210035BE22 /* Release */ = {
			isa = XCBuildConfiguration;
			buildSettings = {
				INFOPLIST_FILE = SinaWeibo_ReloadNumOfCount_DemoUITests/Info.plist;
				LD_RUNPATH_SEARCH_PATHS = "$(inherited) @executable_path/Frameworks @loader_path/Frameworks";
				PRODUCT_BUNDLE_IDENTIFIER = "AlezJI.SinaWeibo-ReloadNumOfCount-DemoUITests";
				PRODUCT_NAME = "$(TARGET_NAME)";
				TEST_TARGET_NAME = SinaWeibo_ReloadNumOfCount_Demo;
			};
			name = Release;
		};
/* End XCBuildConfiguration section */

/* Begin XCConfigurationList section */
		84E5F5071D5C7B210035BE22 /* Build configuration list for PBXProject "SinaWeibo_ReloadNumOfCount_Demo" */ = {
			isa = XCConfigurationList;
			buildConfigurations = (
				84E5F5371D5C7B210035BE22 /* Debug */,
				84E5F5381D5C7B210035BE22 /* Release */,
			);
			defaultConfigurationIsVisible = 0;
			defaultConfigurationName = Release;
		};
		84E5F5391D5C7B210035BE22 /* Build configuration list for PBXNativeTarget "SinaWeibo_ReloadNumOfCount_Demo" */ = {
			isa = XCConfigurationList;
			buildConfigurations = (
				84E5F53A1D5C7B210035BE22 /* Debug */,
				84E5F53B1D5C7B210035BE22 /* Release */,
			);
			defaultConfigurationIsVisible = 0;
		};
		84E5F53C1D5C7B210035BE22 /* Build configuration list for PBXNativeTarget "SinaWeibo_ReloadNumOfCount_DemoTests" */ = {
			isa = XCConfigurationList;
			buildConfigurations = (
				84E5F53D1D5C7B210035BE22 /* Debug */,
				84E5F53E1D5C7B210035BE22 /* Release */,
			);
			defaultConfigurationIsVisible = 0;
		};
		84E5F53F1D5C7B210035BE22 /* Build configuration list for PBXNativeTarget "SinaWeibo_ReloadNumOfCount_DemoUITests" */ = {
			isa = XCConfigurationList;
			buildConfigurations = (
				84E5F5401D5C7B210035BE22 /* Debug */,
				84E5F5411D5C7B210035BE22 /* Release */,
			);
			defaultConfigurationIsVisible = 0;
		};
/* End XCConfigurationList section */
	};
	rootObject = 84E5F5041D5C7B210035BE22 /* Project object */;
}
